
Microsoft Visual Studio Solution File, Format Version 12.00
# Visual Studio 15
VisualStudioVersion = 15.0.28307.960
MinimumVisualStudioVersion = 10.0.40219.1
Project("{FAE04EC0-301F-11D3-BF4B-00C04F79EFBC}") = "CSXmlToPdfFromCmd", "CSXmlToPdfFromCmd\CSXmlToPdfFromCmd.csproj", "{1AEF2BB7-34DD-448E-83CE-348F0FF1B914}"
EndProject
Global
	GlobalSection(SolutionConfigurationPlatforms) = preSolution
		Debug|Any CPU = Debug|Any CPU
		Release|Any CPU = Release|Any CPU
	EndGlobalSection
	GlobalSection(ProjectConfigurationPlatforms) = postSolution
		{1AEF2BB7-34DD-448E-83CE-348F0FF1B914}.Debug|Any CPU.ActiveCfg = Debug|Any CPU
		{1AEF2BB7-34DD-448E-83CE-348F0FF1B914}.Debug|Any CPU.Build.0 = Debug|Any CPU
		{1AEF2BB7-34DD-448E-83CE-348F0FF1B914}.Release|Any CPU.ActiveCfg = Release|Any CPU
		{1AEF2BB7-34DD-448E-83CE-348F0FF1B914}.Release|Any CPU.Build.0 = Release|Any CPU
	EndGlobalSection
	GlobalSection(SolutionProperties) = preSolution
		HideSolutionNode = FALSE
	EndGlobalSection
	GlobalSection(ExtensibilityGlobals) = postSolution
		SolutionGuid = {EB95EF84-9727-4D54-ABE1-44AC5C7EBAB9}
	EndGlobalSection
EndGlobal
